
Microsoft Visual Studio Solution File, Format Version 12.00
Project("{FAE04EC0-301F-11D3-BF4B-00C04F79EFBC}") = "Kasp.Core", "src\Kasp.Core\Kasp.Core.csproj", "{284413A0-A454-4F70-BD64-0676DA58C6C3}"
EndProject
Project("{FAE04EC0-301F-11D3-BF4B-00C04F79EFBC}") = "Kasp.Db", "src\Kasp.Db\Kasp.Db.csproj", "{B20E9CB1-0C74-4F29-B60F-B1D451F5A047}"
EndProject
Project("{FAE04EC0-301F-11D3-BF4B-00C04F79EFBC}") = "Kasp.Identity.Core", "src\Kasp.Identity.Core\Kasp.Identity.Core.csproj", "{FC62831F-E44A-4105-BDDB-6F47E14C116E}"
EndProject
Project("{FAE04EC0-301F-11D3-BF4B-00C04F79EFBC}") = "Kasp.Identity", "src\Kasp.Identity\Kasp.Identity.csproj", "{B438E428-9BA0-4BA7-AE98-0D36C6CB5BC7}"
EndProject
Project("{FAE04EC0-301F-11D3-BF4B-00C04F79EFBC}") = "Kasp.CloudMessage", "src\Kasp.CloudMessage\Kasp.CloudMessage.csproj", "{A91586C0-5178-4E55-B53B-29F570ABA083}"
EndProject
Project("{FAE04EC0-301F-11D3-BF4B-00C04F79EFBC}") = "Kasp.CloudMessage.FireBase", "src\Kasp.CloudMessage.FireBase\Kasp.CloudMessage.FireBase.csproj", "{1C8079A8-DE59-4F71-99FF-F41AD6A02070}"
EndProject
Project("{FAE04EC0-301F-11D3-BF4B-00C04F79EFBC}") = "Kasp.Db.Npgsql", "src\Kasp.Db.Npgsql\Kasp.Db.Npgsql.csproj", "{F926B2B9-BE38-40B7-93FF-8BF9B34B73C8}"
EndProject
Project("{FAE04EC0-301F-11D3-BF4B-00C04F79EFBC}") = "Kasp.Core.Tests", "tests\Kasp.Core.Tests\Kasp.Core.Tests.csproj", "{92C1770C-BA14-4C28-B1E0-B3E2B6297FF4}"
EndProject
Project("{FAE04EC0-301F-11D3-BF4B-00C04F79EFBC}") = "Kasp.Db.Tests", "tests\Kasp.Db.Tests\Kasp.Db.Tests.csproj", "{E3F1E857-1BB2-4C42-87BA-99A5F345485C}"
EndProject
Project("{FAE04EC0-301F-11D3-BF4B-00C04F79EFBC}") = "Kasp.Identity.Tests", "tests\Kasp.Identity.Tests\Kasp.Identity.Tests.csproj", "{E7093F83-BD39-4B19-A1AD-49FCC3ED2519}"
EndProject
Project("{FAE04EC0-301F-11D3-BF4B-00C04F79EFBC}") = "Kasp.Localization", "src\Kasp.Localization\Kasp.Localization.csproj", "{2A5168D6-C4FE-4520-B771-3D7685FB0E19}"
EndProject
Project("{FAE04EC0-301F-11D3-BF4B-00C04F79EFBC}") = "Kasp.Localization.Tests", "tests\Kasp.Localization.Tests\Kasp.Localization.Tests.csproj", "{3817FDE3-66DC-47A5-92EF-8DB63FA968F7}"
EndProject
Global
	GlobalSection(SolutionConfigurationPlatforms) = preSolution
		Debug|Any CPU = Debug|Any CPU
		Release|Any CPU = Release|Any CPU
	EndGlobalSection
	GlobalSection(ProjectConfigurationPlatforms) = postSolution
		{284413A0-A454-4F70-BD64-0676DA58C6C3}.Debug|Any CPU.ActiveCfg = Debug|Any CPU
		{284413A0-A454-4F70-BD64-0676DA58C6C3}.Debug|Any CPU.Build.0 = Debug|Any CPU
		{284413A0-A454-4F70-BD64-0676DA58C6C3}.Release|Any CPU.ActiveCfg = Release|Any CPU
		{284413A0-A454-4F70-BD64-0676DA58C6C3}.Release|Any CPU.Build.0 = Release|Any CPU
		{B20E9CB1-0C74-4F29-B60F-B1D451F5A047}.Debug|Any CPU.ActiveCfg = Debug|Any CPU
		{B20E9CB1-0C74-4F29-B60F-B1D451F5A047}.Debug|Any CPU.Build.0 = Debug|Any CPU
		{B20E9CB1-0C74-4F29-B60F-B1D451F5A047}.Release|Any CPU.ActiveCfg = Release|Any CPU
		{B20E9CB1-0C74-4F29-B60F-B1D451F5A047}.Release|Any CPU.Build.0 = Release|Any CPU
		{FC62831F-E44A-4105-BDDB-6F47E14C116E}.Debug|Any CPU.ActiveCfg = Debug|Any CPU
		{FC62831F-E44A-4105-BDDB-6F47E14C116E}.Debug|Any CPU.Build.0 = Debug|Any CPU
		{FC62831F-E44A-4105-BDDB-6F47E14C116E}.Release|Any CPU.ActiveCfg = Release|Any CPU
		{FC62831F-E44A-4105-BDDB-6F47E14C116E}.Release|Any CPU.Build.0 = Release|Any CPU
		{B438E428-9BA0-4BA7-AE98-0D36C6CB5BC7}.Debug|Any CPU.ActiveCfg = Debug|Any CPU
		{B438E428-9BA0-4BA7-AE98-0D36C6CB5BC7}.Debug|Any CPU.Build.0 = Debug|Any CPU
		{B438E428-9BA0-4BA7-AE98-0D36C6CB5BC7}.Release|Any CPU.ActiveCfg = Release|Any CPU
		{B438E428-9BA0-4BA7-AE98-0D36C6CB5BC7}.Release|Any CPU.Build.0 = Release|Any CPU
		{A91586C0-5178-4E55-B53B-29F570ABA083}.Debug|Any CPU.ActiveCfg = Debug|Any CPU
		{A91586C0-5178-4E55-B53B-29F570ABA083}.Debug|Any CPU.Build.0 = Debug|Any CPU
		{A91586C0-5178-4E55-B53B-29F570ABA083}.Release|Any CPU.ActiveCfg = Release|Any CPU
		{A91586C0-5178-4E55-B53B-29F570ABA083}.Release|Any CPU.Build.0 = Release|Any CPU
		{1C8079A8-DE59-4F71-99FF-F41AD6A02070}.Debug|Any CPU.ActiveCfg = Debug|Any CPU
		{1C8079A8-DE59-4F71-99FF-F41AD6A02070}.Debug|Any CPU.Build.0 = Debug|Any CPU
		{1C8079A8-DE59-4F71-99FF-F41AD6A02070}.Release|Any CPU.ActiveCfg = Release|Any CPU
		{1C8079A8-DE59-4F71-99FF-F41AD6A02070}.Release|Any CPU.Build.0 = Release|Any CPU
		{F926B2B9-BE38-40B7-93FF-8BF9B34B73C8}.Debug|Any CPU.ActiveCfg = Debug|Any CPU
		{F926B2B9-BE38-40B7-93FF-8BF9B34B73C8}.Debug|Any CPU.Build.0 = Debug|Any CPU
		{F926B2B9-BE38-40B7-93FF-8BF9B34B73C8}.Release|Any CPU.ActiveCfg = Release|Any CPU
		{F926B2B9-BE38-40B7-93FF-8BF9B34B73C8}.Release|Any CPU.Build.0 = Release|Any CPU
		{92C1770C-BA14-4C28-B1E0-B3E2B6297FF4}.Debug|Any CPU.ActiveCfg = Debug|Any CPU
		{92C1770C-BA14-4C28-B1E0-B3E2B6297FF4}.Debug|Any CPU.Build.0 = Debug|Any CPU
		{92C1770C-BA14-4C28-B1E0-B3E2B6297FF4}.Release|Any CPU.ActiveCfg = Release|Any CPU
		{92C1770C-BA14-4C28-B1E0-B3E2B6297FF4}.Release|Any CPU.Build.0 = Release|Any CPU
		{E3F1E857-1BB2-4C42-87BA-99A5F345485C}.Debug|Any CPU.ActiveCfg = Debug|Any CPU
		{E3F1E857-1BB2-4C42-87BA-99A5F345485C}.Debug|Any CPU.Build.0 = Debug|Any CPU
		{E3F1E857-1BB2-4C42-87BA-99A5F345485C}.Release|Any CPU.ActiveCfg = Release|Any CPU
		{E3F1E857-1BB2-4C42-87BA-99A5F345485C}.Release|Any CPU.Build.0 = Release|Any CPU
		{E7093F83-BD39-4B19-A1AD-49FCC3ED2519}.Debug|Any CPU.ActiveCfg = Debug|Any CPU
		{E7093F83-BD39-4B19-A1AD-49FCC3ED2519}.Debug|Any CPU.Build.0 = Debug|Any CPU
		{E7093F83-BD39-4B19-A1AD-49FCC3ED2519}.Release|Any CPU.ActiveCfg = Release|Any CPU
		{E7093F83-BD39-4B19-A1AD-49FCC3ED2519}.Release|Any CPU.Build.0 = Release|Any CPU
		{2A5168D6-C4FE-4520-B771-3D7685FB0E19}.Debug|Any CPU.ActiveCfg = Debug|Any CPU
		{2A5168D6-C4FE-4520-B771-3D7685FB0E19}.Debug|Any CPU.Build.0 = Debug|Any CPU
		{2A5168D6-C4FE-4520-B771-3D7685FB0E19}.Release|Any CPU.ActiveCfg = Release|Any CPU
		{2A5168D6-C4FE-4520-B771-3D7685FB0E19}.Release|Any CPU.Build.0 = Release|Any CPU
		{3817FDE3-66DC-47A5-92EF-8DB63FA968F7}.Debug|Any CPU.ActiveCfg = Debug|Any CPU
		{3817FDE3-66DC-47A5-92EF-8DB63FA968F7}.Debug|Any CPU.Build.0 = Debug|Any CPU
		{3817FDE3-66DC-47A5-92EF-8DB63FA968F7}.Release|Any CPU.ActiveCfg = Release|Any CPU
		{3817FDE3-66DC-47A5-92EF-8DB63FA968F7}.Release|Any CPU.Build.0 = Release|Any CPU
	EndGlobalSection
EndGlobal
