Microsoft Visual Studio Solution File, Format Version 12.00
Project("{FAE04EC0-301F-11D3-BF4B-00C04F79EFBC}") = "Kasp.Core", "src\Kasp.Core\Kasp.Core.csproj", "{284413A0-A454-4F70-BD64-0676DA58C6C3}"
EndProject
Project("{FAE04EC0-301F-11D3-BF4B-00C04F79EFBC}") = "Kasp.Identity.Core", "src\Kasp.Identity.Core\Kasp.Identity.Core.csproj", "{FC62831F-E44A-4105-BDDB-6F47E14C116E}"
EndProject
Project("{FAE04EC0-301F-11D3-BF4B-00C04F79EFBC}") = "Kasp.Identity", "src\Kasp.Identity\Kasp.Identity.csproj", "{B438E428-9BA0-4BA7-AE98-0D36C6CB5BC7}"
EndProject
Project("{FAE04EC0-301F-11D3-BF4B-00C04F79EFBC}") = "Kasp.CloudMessage", "src\Kasp.CloudMessage\Kasp.CloudMessage.csproj", "{A91586C0-5178-4E55-B53B-29F570ABA083}"
EndProject
Project("{FAE04EC0-301F-11D3-BF4B-00C04F79EFBC}") = "Kasp.CloudMessage.FireBase", "src\Kasp.CloudMessage.FireBase\Kasp.CloudMessage.FireBase.csproj", "{1C8079A8-DE59-4F71-99FF-F41AD6A02070}"
EndProject
Project("{FAE04EC0-301F-11D3-BF4B-00C04F79EFBC}") = "Kasp.Core.Tests", "tests\Kasp.Core.Tests\Kasp.Core.Tests.csproj", "{92C1770C-BA14-4C28-B1E0-B3E2B6297FF4}"
EndProject
Project("{FAE04EC0-301F-11D3-BF4B-00C04F79EFBC}") = "Kasp.Identity.Tests", "tests\Kasp.Identity.Tests\Kasp.Identity.Tests.csproj", "{E7093F83-BD39-4B19-A1AD-49FCC3ED2519}"
EndProject
Project("{FAE04EC0-301F-11D3-BF4B-00C04F79EFBC}") = "Kasp.Localization", "src\Kasp.Localization\Kasp.Localization.csproj", "{2A5168D6-C4FE-4520-B771-3D7685FB0E19}"
EndProject
Project("{FAE04EC0-301F-11D3-BF4B-00C04F79EFBC}") = "Kasp.Localization.Tests", "tests\Kasp.Localization.Tests\Kasp.Localization.Tests.csproj", "{3817FDE3-66DC-47A5-92EF-8DB63FA968F7}"
EndProject
Project("{FAE04EC0-301F-11D3-BF4B-00C04F79EFBC}") = "Kasp.EF", "src\Kasp.EF\Kasp.EF.csproj", "{AC4AF064-2F3B-459A-8993-93A1990B1211}"
EndProject
Project("{FAE04EC0-301F-11D3-BF4B-00C04F79EFBC}") = "Kasp.EF.Npgsql", "src\Kasp.EF.Npgsql\Kasp.EF.Npgsql.csproj", "{0E4BD89D-0C04-4600-BB49-CDA37C1A1FD6}"
EndProject
Project("{FAE04EC0-301F-11D3-BF4B-00C04F79EFBC}") = "Kasp.EF.Localization", "src\Kasp.EF.Localization\Kasp.EF.Localization.csproj", "{7A43E92B-832B-4896-BCA0-BBAE7AF7650E}"
EndProject
Project("{FAE04EC0-301F-11D3-BF4B-00C04F79EFBC}") = "Kasp.EF.Localization.Tests", "tests\Kasp.EF.Localization.Tests\Kasp.EF.Localization.Tests.csproj", "{176F5DEF-43DF-4B17-BB4B-E7148DA79DA2}"
EndProject
Project("{FAE04EC0-301F-11D3-BF4B-00C04F79EFBC}") = "Kasp.EF.Tests", "tests\Kasp.EF.Tests\Kasp.EF.Tests.csproj", "{4B75AD75-7462-4B32-AF7F-E2F911992ED7}"
EndProject
Project("{FAE04EC0-301F-11D3-BF4B-00C04F79EFBC}") = "Kasp.Data", "src\Kasp.Data\Kasp.Data.csproj", "{F08ECC8C-F3F6-45E0-86FE-2E5EAECFFC39}"
EndProject
Project("{FAE04EC0-301F-11D3-BF4B-00C04F79EFBC}") = "Kasp.Data.Test", "tests\Kasp.Data.Test\Kasp.Data.Test.csproj", "{80AD690B-9EA7-42F6-A2D3-012363BAA8C4}"
EndProject
Project("{FAE04EC0-301F-11D3-BF4B-00C04F79EFBC}") = "Kasp.Test", "src\Kasp.Test\Kasp.Test.csproj", "{EE0CD12C-3B02-4364-A150-CDC22FB95E90}"
EndProject
Project("{FAE04EC0-301F-11D3-BF4B-00C04F79EFBC}") = "Kasp.Test.EF", "src\Kasp.Test.EF\Kasp.Test.EF.csproj", "{2CCBD68E-F90F-46CA-BE6B-CA00F34BB484}"
EndProject
Project("{FAE04EC0-301F-11D3-BF4B-00C04F79EFBC}") = "Kasp.FormBuilder", "src\Kasp.FormBuilder\Kasp.FormBuilder.csproj", "{FE54BB94-2284-4A42-92EC-9466ED433418}"
EndProject
Project("{FAE04EC0-301F-11D3-BF4B-00C04F79EFBC}") = "Kasp.FormBuilder.Tests", "tests\Kasp.FormBuilder.Tests\Kasp.FormBuilder.Tests.csproj", "{DE54A13A-FDFC-46F6-AA8E-AEB9F671C573}"
EndProject
Project("{FAE04EC0-301F-11D3-BF4B-00C04F79EFBC}") = "Kasp.ObjectMapper", "src\Kasp.ObjectMapper\Kasp.ObjectMapper.csproj", "{14297FD2-EFAE-4D35-8853-5F812791DC47}"
EndProject
Project("{FAE04EC0-301F-11D3-BF4B-00C04F79EFBC}") = "Kasp.ObjectMapper.AutoMapper", "src\Kasp.ObjectMapper.AutoMapper\Kasp.ObjectMapper.AutoMapper.csproj", "{4205E401-FC1C-4FDC-AE38-877DE1782E8B}"
EndProject
Project("{FAE04EC0-301F-11D3-BF4B-00C04F79EFBC}") = "Kasp.ObjectMapper.Mapster", "src\Kasp.ObjectMapper.Mapster\Kasp.ObjectMapper.Mapster.csproj", "{8D374BEA-5CA8-4B6F-840B-5CD2A04DCB4F}"
EndProject
Project("{FAE04EC0-301F-11D3-BF4B-00C04F79EFBC}") = "Kasp.ObjectMapper.Tests", "tests\Kasp.ObjectMapper.Tests\Kasp.ObjectMapper.Tests.csproj", "{05F15CF2-B929-4075-9598-2E6A18699020}"
EndProject
Project("{FAE04EC0-301F-11D3-BF4B-00C04F79EFBC}") = "Kasp.ObjectMapper.Benchmark", "benchmarks\Kasp.ObjectMapper.Benchmark\Kasp.ObjectMapper.Benchmark.csproj", "{C7FD28EB-D648-4D64-8CDA-A37F2DB9C90A}"
EndProject
Global
	GlobalSection(SolutionConfigurationPlatforms) = preSolution
		Debug|Any CPU = Debug|Any CPU
		Release|Any CPU = Release|Any CPU
	EndGlobalSection
	GlobalSection(ProjectConfigurationPlatforms) = postSolution
		{284413A0-A454-4F70-BD64-0676DA58C6C3}.Debug|Any CPU.ActiveCfg = Debug|Any CPU
		{284413A0-A454-4F70-BD64-0676DA58C6C3}.Debug|Any CPU.Build.0 = Debug|Any CPU
		{284413A0-A454-4F70-BD64-0676DA58C6C3}.Release|Any CPU.ActiveCfg = Release|Any CPU
		{284413A0-A454-4F70-BD64-0676DA58C6C3}.Release|Any CPU.Build.0 = Release|Any CPU
		{FC62831F-E44A-4105-BDDB-6F47E14C116E}.Debug|Any CPU.ActiveCfg = Debug|Any CPU
		{FC62831F-E44A-4105-BDDB-6F47E14C116E}.Debug|Any CPU.Build.0 = Debug|Any CPU
		{FC62831F-E44A-4105-BDDB-6F47E14C116E}.Release|Any CPU.ActiveCfg = Release|Any CPU
		{FC62831F-E44A-4105-BDDB-6F47E14C116E}.Release|Any CPU.Build.0 = Release|Any CPU
		{B438E428-9BA0-4BA7-AE98-0D36C6CB5BC7}.Debug|Any CPU.ActiveCfg = Debug|Any CPU
		{B438E428-9BA0-4BA7-AE98-0D36C6CB5BC7}.Debug|Any CPU.Build.0 = Debug|Any CPU
		{B438E428-9BA0-4BA7-AE98-0D36C6CB5BC7}.Release|Any CPU.ActiveCfg = Release|Any CPU
		{B438E428-9BA0-4BA7-AE98-0D36C6CB5BC7}.Release|Any CPU.Build.0 = Release|Any CPU
		{A91586C0-5178-4E55-B53B-29F570ABA083}.Debug|Any CPU.ActiveCfg = Debug|Any CPU
		{A91586C0-5178-4E55-B53B-29F570ABA083}.Debug|Any CPU.Build.0 = Debug|Any CPU
		{A91586C0-5178-4E55-B53B-29F570ABA083}.Release|Any CPU.ActiveCfg = Release|Any CPU
		{A91586C0-5178-4E55-B53B-29F570ABA083}.Release|Any CPU.Build.0 = Release|Any CPU
		{1C8079A8-DE59-4F71-99FF-F41AD6A02070}.Debug|Any CPU.ActiveCfg = Debug|Any CPU
		{1C8079A8-DE59-4F71-99FF-F41AD6A02070}.Debug|Any CPU.Build.0 = Debug|Any CPU
		{1C8079A8-DE59-4F71-99FF-F41AD6A02070}.Release|Any CPU.ActiveCfg = Release|Any CPU
		{1C8079A8-DE59-4F71-99FF-F41AD6A02070}.Release|Any CPU.Build.0 = Release|Any CPU
		{92C1770C-BA14-4C28-B1E0-B3E2B6297FF4}.Debug|Any CPU.ActiveCfg = Debug|Any CPU
		{92C1770C-BA14-4C28-B1E0-B3E2B6297FF4}.Debug|Any CPU.Build.0 = Debug|Any CPU
		{92C1770C-BA14-4C28-B1E0-B3E2B6297FF4}.Release|Any CPU.ActiveCfg = Release|Any CPU
		{92C1770C-BA14-4C28-B1E0-B3E2B6297FF4}.Release|Any CPU.Build.0 = Release|Any CPU
		{E7093F83-BD39-4B19-A1AD-49FCC3ED2519}.Debug|Any CPU.ActiveCfg = Debug|Any CPU
		{E7093F83-BD39-4B19-A1AD-49FCC3ED2519}.Debug|Any CPU.Build.0 = Debug|Any CPU
		{E7093F83-BD39-4B19-A1AD-49FCC3ED2519}.Release|Any CPU.ActiveCfg = Release|Any CPU
		{E7093F83-BD39-4B19-A1AD-49FCC3ED2519}.Release|Any CPU.Build.0 = Release|Any CPU
		{2A5168D6-C4FE-4520-B771-3D7685FB0E19}.Debug|Any CPU.ActiveCfg = Debug|Any CPU
		{2A5168D6-C4FE-4520-B771-3D7685FB0E19}.Debug|Any CPU.Build.0 = Debug|Any CPU
		{2A5168D6-C4FE-4520-B771-3D7685FB0E19}.Release|Any CPU.ActiveCfg = Release|Any CPU
		{2A5168D6-C4FE-4520-B771-3D7685FB0E19}.Release|Any CPU.Build.0 = Release|Any CPU
		{3817FDE3-66DC-47A5-92EF-8DB63FA968F7}.Debug|Any CPU.ActiveCfg = Debug|Any CPU
		{3817FDE3-66DC-47A5-92EF-8DB63FA968F7}.Debug|Any CPU.Build.0 = Debug|Any CPU
		{3817FDE3-66DC-47A5-92EF-8DB63FA968F7}.Release|Any CPU.ActiveCfg = Release|Any CPU
		{3817FDE3-66DC-47A5-92EF-8DB63FA968F7}.Release|Any CPU.Build.0 = Release|Any CPU
		{AC4AF064-2F3B-459A-8993-93A1990B1211}.Debug|Any CPU.ActiveCfg = Debug|Any CPU
		{AC4AF064-2F3B-459A-8993-93A1990B1211}.Debug|Any CPU.Build.0 = Debug|Any CPU
		{AC4AF064-2F3B-459A-8993-93A1990B1211}.Release|Any CPU.ActiveCfg = Release|Any CPU
		{AC4AF064-2F3B-459A-8993-93A1990B1211}.Release|Any CPU.Build.0 = Release|Any CPU
		{0E4BD89D-0C04-4600-BB49-CDA37C1A1FD6}.Debug|Any CPU.ActiveCfg = Debug|Any CPU
		{0E4BD89D-0C04-4600-BB49-CDA37C1A1FD6}.Debug|Any CPU.Build.0 = Debug|Any CPU
		{0E4BD89D-0C04-4600-BB49-CDA37C1A1FD6}.Release|Any CPU.ActiveCfg = Release|Any CPU
		{0E4BD89D-0C04-4600-BB49-CDA37C1A1FD6}.Release|Any CPU.Build.0 = Release|Any CPU
		{7A43E92B-832B-4896-BCA0-BBAE7AF7650E}.Debug|Any CPU.ActiveCfg = Debug|Any CPU
		{7A43E92B-832B-4896-BCA0-BBAE7AF7650E}.Debug|Any CPU.Build.0 = Debug|Any CPU
		{7A43E92B-832B-4896-BCA0-BBAE7AF7650E}.Release|Any CPU.ActiveCfg = Release|Any CPU
		{7A43E92B-832B-4896-BCA0-BBAE7AF7650E}.Release|Any CPU.Build.0 = Release|Any CPU
		{176F5DEF-43DF-4B17-BB4B-E7148DA79DA2}.Debug|Any CPU.ActiveCfg = Debug|Any CPU
		{176F5DEF-43DF-4B17-BB4B-E7148DA79DA2}.Debug|Any CPU.Build.0 = Debug|Any CPU
		{176F5DEF-43DF-4B17-BB4B-E7148DA79DA2}.Release|Any CPU.ActiveCfg = Release|Any CPU
		{176F5DEF-43DF-4B17-BB4B-E7148DA79DA2}.Release|Any CPU.Build.0 = Release|Any CPU
		{4B75AD75-7462-4B32-AF7F-E2F911992ED7}.Debug|Any CPU.ActiveCfg = Debug|Any CPU
		{4B75AD75-7462-4B32-AF7F-E2F911992ED7}.Debug|Any CPU.Build.0 = Debug|Any CPU
		{4B75AD75-7462-4B32-AF7F-E2F911992ED7}.Release|Any CPU.ActiveCfg = Release|Any CPU
		{4B75AD75-7462-4B32-AF7F-E2F911992ED7}.Release|Any CPU.Build.0 = Release|Any CPU
		{F08ECC8C-F3F6-45E0-86FE-2E5EAECFFC39}.Debug|Any CPU.ActiveCfg = Debug|Any CPU
		{F08ECC8C-F3F6-45E0-86FE-2E5EAECFFC39}.Debug|Any CPU.Build.0 = Debug|Any CPU
		{F08ECC8C-F3F6-45E0-86FE-2E5EAECFFC39}.Release|Any CPU.ActiveCfg = Release|Any CPU
		{F08ECC8C-F3F6-45E0-86FE-2E5EAECFFC39}.Release|Any CPU.Build.0 = Release|Any CPU
		{80AD690B-9EA7-42F6-A2D3-012363BAA8C4}.Debug|Any CPU.ActiveCfg = Debug|Any CPU
		{80AD690B-9EA7-42F6-A2D3-012363BAA8C4}.Debug|Any CPU.Build.0 = Debug|Any CPU
		{80AD690B-9EA7-42F6-A2D3-012363BAA8C4}.Release|Any CPU.ActiveCfg = Release|Any CPU
		{80AD690B-9EA7-42F6-A2D3-012363BAA8C4}.Release|Any CPU.Build.0 = Release|Any CPU
		{EE0CD12C-3B02-4364-A150-CDC22FB95E90}.Debug|Any CPU.ActiveCfg = Debug|Any CPU
		{EE0CD12C-3B02-4364-A150-CDC22FB95E90}.Debug|Any CPU.Build.0 = Debug|Any CPU
		{EE0CD12C-3B02-4364-A150-CDC22FB95E90}.Release|Any CPU.ActiveCfg = Release|Any CPU
		{EE0CD12C-3B02-4364-A150-CDC22FB95E90}.Release|Any CPU.Build.0 = Release|Any CPU
		{2CCBD68E-F90F-46CA-BE6B-CA00F34BB484}.Debug|Any CPU.ActiveCfg = Debug|Any CPU
		{2CCBD68E-F90F-46CA-BE6B-CA00F34BB484}.Debug|Any CPU.Build.0 = Debug|Any CPU
		{2CCBD68E-F90F-46CA-BE6B-CA00F34BB484}.Release|Any CPU.ActiveCfg = Release|Any CPU
		{2CCBD68E-F90F-46CA-BE6B-CA00F34BB484}.Release|Any CPU.Build.0 = Release|Any CPU
		{FE54BB94-2284-4A42-92EC-9466ED433418}.Debug|Any CPU.ActiveCfg = Debug|Any CPU
		{FE54BB94-2284-4A42-92EC-9466ED433418}.Debug|Any CPU.Build.0 = Debug|Any CPU
		{FE54BB94-2284-4A42-92EC-9466ED433418}.Release|Any CPU.ActiveCfg = Release|Any CPU
		{FE54BB94-2284-4A42-92EC-9466ED433418}.Release|Any CPU.Build.0 = Release|Any CPU
		{DE54A13A-FDFC-46F6-AA8E-AEB9F671C573}.Debug|Any CPU.ActiveCfg = Debug|Any CPU
		{DE54A13A-FDFC-46F6-AA8E-AEB9F671C573}.Debug|Any CPU.Build.0 = Debug|Any CPU
		{DE54A13A-FDFC-46F6-AA8E-AEB9F671C573}.Release|Any CPU.ActiveCfg = Release|Any CPU
		{DE54A13A-FDFC-46F6-AA8E-AEB9F671C573}.Release|Any CPU.Build.0 = Release|Any CPU
		{14297FD2-EFAE-4D35-8853-5F812791DC47}.Debug|Any CPU.ActiveCfg = Debug|Any CPU
		{14297FD2-EFAE-4D35-8853-5F812791DC47}.Debug|Any CPU.Build.0 = Debug|Any CPU
		{14297FD2-EFAE-4D35-8853-5F812791DC47}.Release|Any CPU.ActiveCfg = Release|Any CPU
		{14297FD2-EFAE-4D35-8853-5F812791DC47}.Release|Any CPU.Build.0 = Release|Any CPU
		{4205E401-FC1C-4FDC-AE38-877DE1782E8B}.Debug|Any CPU.ActiveCfg = Debug|Any CPU
		{4205E401-FC1C-4FDC-AE38-877DE1782E8B}.Debug|Any CPU.Build.0 = Debug|Any CPU
		{4205E401-FC1C-4FDC-AE38-877DE1782E8B}.Release|Any CPU.ActiveCfg = Release|Any CPU
		{4205E401-FC1C-4FDC-AE38-877DE1782E8B}.Release|Any CPU.Build.0 = Release|Any CPU
		{8D374BEA-5CA8-4B6F-840B-5CD2A04DCB4F}.Debug|Any CPU.ActiveCfg = Debug|Any CPU
		{8D374BEA-5CA8-4B6F-840B-5CD2A04DCB4F}.Debug|Any CPU.Build.0 = Debug|Any CPU
		{8D374BEA-5CA8-4B6F-840B-5CD2A04DCB4F}.Release|Any CPU.ActiveCfg = Release|Any CPU
		{8D374BEA-5CA8-4B6F-840B-5CD2A04DCB4F}.Release|Any CPU.Build.0 = Release|Any CPU
		{05F15CF2-B929-4075-9598-2E6A18699020}.Debug|Any CPU.ActiveCfg = Debug|Any CPU
		{05F15CF2-B929-4075-9598-2E6A18699020}.Debug|Any CPU.Build.0 = Debug|Any CPU
		{05F15CF2-B929-4075-9598-2E6A18699020}.Release|Any CPU.ActiveCfg = Release|Any CPU
		{05F15CF2-B929-4075-9598-2E6A18699020}.Release|Any CPU.Build.0 = Release|Any CPU
		{C7FD28EB-D648-4D64-8CDA-A37F2DB9C90A}.Debug|Any CPU.ActiveCfg = Debug|Any CPU
		{C7FD28EB-D648-4D64-8CDA-A37F2DB9C90A}.Debug|Any CPU.Build.0 = Debug|Any CPU
		{C7FD28EB-D648-4D64-8CDA-A37F2DB9C90A}.Release|Any CPU.ActiveCfg = Release|Any CPU
		{C7FD28EB-D648-4D64-8CDA-A37F2DB9C90A}.Release|Any CPU.Build.0 = Release|Any CPU
	EndGlobalSection
EndGlobal
