Microsoft Visual Studio Solution File, Format Version 12.00
Project("{FAE04EC0-301F-11D3-BF4B-00C04F79EFBC}") = "Kasp.Core", "src\Kasp.Core\Kasp.Core.csproj", "{284413A0-A454-4F70-BD64-0676DA58C6C3}"
EndProject
Project("{FAE04EC0-301F-11D3-BF4B-00C04F79EFBC}") = "Kasp.Identity.Core", "src\Kasp.Identity.Core\Kasp.Identity.Core.csproj", "{FC62831F-E44A-4105-BDDB-6F47E14C116E}"
EndProject
Project("{FAE04EC0-301F-11D3-BF4B-00C04F79EFBC}") = "Kasp.Identity", "src\Kasp.Identity\Kasp.Identity.csproj", "{B438E428-9BA0-4BA7-AE98-0D36C6CB5BC7}"
EndProject
Project("{FAE04EC0-301F-11D3-BF4B-00C04F79EFBC}") = "Kasp.CloudMessage", "src\Kasp.CloudMessage\Kasp.CloudMessage.csproj", "{A91586C0-5178-4E55-B53B-29F570ABA083}"
EndProject
Project("{FAE04EC0-301F-11D3-BF4B-00C04F79EFBC}") = "Kasp.CloudMessage.FireBase", "src\Kasp.CloudMessage.FireBase\Kasp.CloudMessage.FireBase.csproj", "{1C8079A8-DE59-4F71-99FF-F41AD6A02070}"
EndProject
Project("{FAE04EC0-301F-11D3-BF4B-00C04F79EFBC}") = "Kasp.Core.Tests", "tests\Kasp.Core.Tests\Kasp.Core.Tests.csproj", "{92C1770C-BA14-4C28-B1E0-B3E2B6297FF4}"
EndProject
Project("{FAE04EC0-301F-11D3-BF4B-00C04F79EFBC}") = "Kasp.Identity.Tests", "tests\Kasp.Identity.Tests\Kasp.Identity.Tests.csproj", "{E7093F83-BD39-4B19-A1AD-49FCC3ED2519}"
EndProject
Project("{FAE04EC0-301F-11D3-BF4B-00C04F79EFBC}") = "Kasp.Localization", "src\Kasp.Localization\Kasp.Localization.csproj", "{2A5168D6-C4FE-4520-B771-3D7685FB0E19}"
EndProject
Project("{FAE04EC0-301F-11D3-BF4B-00C04F79EFBC}") = "Kasp.Localization.Tests", "tests\Kasp.Localization.Tests\Kasp.Localization.Tests.csproj", "{3817FDE3-66DC-47A5-92EF-8DB63FA968F7}"
EndProject
Project("{FAE04EC0-301F-11D3-BF4B-00C04F79EFBC}") = "Kasp.Data.EF", "src\Kasp.Data.EF\Kasp.Data.EF.csproj", "{AC4AF064-2F3B-459A-8993-93A1990B1211}"
EndProject
Project("{FAE04EC0-301F-11D3-BF4B-00C04F79EFBC}") = "Kasp.Data.EF.Npgsql", "src\Kasp.Data.EF.Npgsql\Kasp.Data.EF.Npgsql.csproj", "{0E4BD89D-0C04-4600-BB49-CDA37C1A1FD6}"
EndProject
Project("{FAE04EC0-301F-11D3-BF4B-00C04F79EFBC}") = "Kasp.Localization.EF", "src\Kasp.Localization.EF\Kasp.Localization.EF.csproj", "{7A43E92B-832B-4896-BCA0-BBAE7AF7650E}"
EndProject
Project("{FAE04EC0-301F-11D3-BF4B-00C04F79EFBC}") = "Kasp.Localization.EF.Tests", "tests\Kasp.Localization.EF.Tests\Kasp.Localization.EF.Tests.csproj", "{176F5DEF-43DF-4B17-BB4B-E7148DA79DA2}"
EndProject
Project("{FAE04EC0-301F-11D3-BF4B-00C04F79EFBC}") = "Kasp.Data.EF.Tests", "tests\Kasp.Data.EF.Tests\Kasp.Data.EF.Tests.csproj", "{4B75AD75-7462-4B32-AF7F-E2F911992ED7}"
EndProject
Project("{FAE04EC0-301F-11D3-BF4B-00C04F79EFBC}") = "Kasp.Data", "src\Kasp.Data\Kasp.Data.csproj", "{F08ECC8C-F3F6-45E0-86FE-2E5EAECFFC39}"
EndProject
Project("{FAE04EC0-301F-11D3-BF4B-00C04F79EFBC}") = "Kasp.Data.Tests", "tests\Kasp.Data.Tests\Kasp.Data.Tests.csproj", "{80AD690B-9EA7-42F6-A2D3-012363BAA8C4}"
EndProject
Project("{FAE04EC0-301F-11D3-BF4B-00C04F79EFBC}") = "Kasp.Test", "src\Kasp.Test\Kasp.Test.csproj", "{EE0CD12C-3B02-4364-A150-CDC22FB95E90}"
EndProject
Project("{FAE04EC0-301F-11D3-BF4B-00C04F79EFBC}") = "Kasp.Test.EF", "src\Kasp.Test.EF\Kasp.Test.EF.csproj", "{2CCBD68E-F90F-46CA-BE6B-CA00F34BB484}"
EndProject
Project("{FAE04EC0-301F-11D3-BF4B-00C04F79EFBC}") = "Kasp.FormBuilder", "src\Kasp.FormBuilder\Kasp.FormBuilder.csproj", "{FE54BB94-2284-4A42-92EC-9466ED433418}"
EndProject
Project("{FAE04EC0-301F-11D3-BF4B-00C04F79EFBC}") = "Kasp.FormBuilder.Tests", "tests\Kasp.FormBuilder.Tests\Kasp.FormBuilder.Tests.csproj", "{DE54A13A-FDFC-46F6-AA8E-AEB9F671C573}"
EndProject
Project("{FAE04EC0-301F-11D3-BF4B-00C04F79EFBC}") = "Kasp.ObjectMapper", "src\Kasp.ObjectMapper\Kasp.ObjectMapper.csproj", "{14297FD2-EFAE-4D35-8853-5F812791DC47}"
EndProject
Project("{FAE04EC0-301F-11D3-BF4B-00C04F79EFBC}") = "Kasp.ObjectMapper.AutoMapper", "src\Kasp.ObjectMapper.AutoMapper\Kasp.ObjectMapper.AutoMapper.csproj", "{4205E401-FC1C-4FDC-AE38-877DE1782E8B}"
EndProject
Project("{FAE04EC0-301F-11D3-BF4B-00C04F79EFBC}") = "Kasp.ObjectMapper.Mapster", "src\Kasp.ObjectMapper.Mapster\Kasp.ObjectMapper.Mapster.csproj", "{8D374BEA-5CA8-4B6F-840B-5CD2A04DCB4F}"
EndProject
Project("{FAE04EC0-301F-11D3-BF4B-00C04F79EFBC}") = "Kasp.ObjectMapper.Tests", "tests\Kasp.ObjectMapper.Tests\Kasp.ObjectMapper.Tests.csproj", "{05F15CF2-B929-4075-9598-2E6A18699020}"
EndProject
Project("{FAE04EC0-301F-11D3-BF4B-00C04F79EFBC}") = "Kasp.ObjectMapper.Benchmark", "benchmarks\Kasp.ObjectMapper.Benchmark\Kasp.ObjectMapper.Benchmark.csproj", "{C7FD28EB-D648-4D64-8CDA-A37F2DB9C90A}"
EndProject
Project("{FAE04EC0-301F-11D3-BF4B-00C04F79EFBC}") = "Kasp.CloudMessage.FireBase.Tests", "tests\Kasp.CloudMessage.FireBase.Tests\Kasp.CloudMessage.FireBase.Tests.csproj", "{4AD8CC23-5DAD-444C-A825-5D1EB0C7B8E8}"
EndProject
Project("{2150E333-8FDC-42A3-9474-1A3956D46DE8}") = "Core", "Core", "{8EDA2CAF-24BF-455A-AEBB-D3B1897C0FD0}"
EndProject
Project("{2150E333-8FDC-42A3-9474-1A3956D46DE8}") = "CloudMessage", "CloudMessage", "{54C4EA1F-5DD4-440B-95AF-A5B6BB6859D7}"
EndProject
Project("{2150E333-8FDC-42A3-9474-1A3956D46DE8}") = "FireBase", "FireBase", "{2B76C766-7597-41B4-9B42-BD2D0C8AE647}"
EndProject
Project("{2150E333-8FDC-42A3-9474-1A3956D46DE8}") = "Data", "Data", "{823138DA-8FC7-45E0-84AB-88B8B0E8AB12}"
EndProject
Project("{2150E333-8FDC-42A3-9474-1A3956D46DE8}") = "EF", "EF", "{55347188-6FD9-44AD-8C8D-F358D8895531}"
EndProject
Project("{2150E333-8FDC-42A3-9474-1A3956D46DE8}") = "Identity", "Identity", "{12B02245-6368-4F64-A112-BFA5E140D3CF}"
EndProject
Project("{2150E333-8FDC-42A3-9474-1A3956D46DE8}") = "Localization", "Localization", "{76FF8F73-6DA4-49AC-A97C-81AEFDB74484}"
EndProject
Project("{2150E333-8FDC-42A3-9474-1A3956D46DE8}") = "EF", "EF", "{968E6616-90B7-4600-9DDD-3983F3C0E40F}"
EndProject
Project("{2150E333-8FDC-42A3-9474-1A3956D46DE8}") = "FormBuilder", "FormBuilder", "{DCE35DFB-F8CA-4E3A-9241-FBD732B24C59}"
EndProject
Project("{2150E333-8FDC-42A3-9474-1A3956D46DE8}") = "ObjectMapper", "ObjectMapper", "{5A065A84-532E-4E5A-9678-A7807964556F}"
EndProject
Project("{2150E333-8FDC-42A3-9474-1A3956D46DE8}") = "Test", "Test", "{B8E96F5B-737B-4CC1-943C-5278BB0AC91F}"
EndProject
Project("{2150E333-8FDC-42A3-9474-1A3956D46DE8}") = "FluentValidation", "FluentValidation", "{626A8452-81ED-4AE0-BECB-2BFDAD480F01}"
EndProject
Project("{FAE04EC0-301F-11D3-BF4B-00C04F79EFBC}") = "Kasp.FormBuilder.FluentValidation", "src\Kasp.FormBuilder.FluentValidation\Kasp.FormBuilder.FluentValidation.csproj", "{6E53BE4B-FADE-4B52-A32B-8B8BB19D557B}"
EndProject
Project("{FAE04EC0-301F-11D3-BF4B-00C04F79EFBC}") = "Kasp.FormBuilder.FluentValidation.Tests", "tests\Kasp.FormBuilder.FluentValidation.Tests\Kasp.FormBuilder.FluentValidation.Tests.csproj", "{47C42BCE-BF15-4673-9394-B7D51F53F8D1}"
EndProject
Project("{2150E333-8FDC-42A3-9474-1A3956D46DE8}") = "AutoMapper", "AutoMapper", "{BD648534-D1B9-4023-9C2A-15AF955C05B7}"
EndProject
Project("{2150E333-8FDC-42A3-9474-1A3956D46DE8}") = "Mapster", "Mapster", "{7D2B39D6-8088-4A54-BF4D-DE509D7DD9C9}"
EndProject
Project("{FAE04EC0-301F-11D3-BF4B-00C04F79EFBC}") = "Kasp.ObjectMapper.AutoMapper.Tests", "tests\Kasp.ObjectMapper.AutoMapper.Tests\Kasp.ObjectMapper.AutoMapper.Tests.csproj", "{38A81966-280F-4760-9674-F608D95337AE}"
EndProject
Project("{FAE04EC0-301F-11D3-BF4B-00C04F79EFBC}") = "Kasp.ObjectMapper.Mapster.Tests", "tests\Kasp.ObjectMapper.Mapster.Tests\Kasp.ObjectMapper.Mapster.Tests.csproj", "{5B4D54EC-BB9C-42B0-9240-AE8455F31F01}"
EndProject
Project("{2150E333-8FDC-42A3-9474-1A3956D46DE8}") = "Options", "Options", "{345EEE91-C4B7-43B6-AF81-28A92C715B98}"
EndProject
Project("{FAE04EC0-301F-11D3-BF4B-00C04F79EFBC}") = "Kasp.Options", "src\Kasp.Options\Kasp.Options.csproj", "{E2303072-56DD-4E60-9B79-7F164F7720EE}"
EndProject
Project("{FAE04EC0-301F-11D3-BF4B-00C04F79EFBC}") = "Kasp.Options.Tests", "tests\Kasp.Options.Tests\Kasp.Options.Tests.csproj", "{082E7E1D-CE24-454E-ABCA-F91AF9BE8083}"
EndProject
Project("{2150E333-8FDC-42A3-9474-1A3956D46DE8}") = "HttpException", "HttpException", "{110E4A04-5A83-42FB-9F0B-A557EBDE232C}"
EndProject
Project("{FAE04EC0-301F-11D3-BF4B-00C04F79EFBC}") = "Kasp.HttpException", "src\Kasp.HttpException\Kasp.HttpException.csproj", "{9E2782E5-0331-4B80-9101-FAE593E70BE4}"
EndProject
Project("{FAE04EC0-301F-11D3-BF4B-00C04F79EFBC}") = "Kasp.HttpException.Core", "src\Kasp.HttpException.Core\Kasp.HttpException.Core.csproj", "{9BD1CF7A-0C8F-4083-A9BD-0D16AB9C4C7A}"
EndProject
Project("{FAE04EC0-301F-11D3-BF4B-00C04F79EFBC}") = "Kasp.HttpException.Tests", "tests\Kasp.HttpException.Tests\Kasp.HttpException.Tests.csproj", "{32E9402A-D8C6-49C2-8CEC-A66FBA52266E}"
EndProject
Project("{2150E333-8FDC-42A3-9474-1A3956D46DE8}") = "Panel", "Panel", "{BA7FCA57-D07C-44AF-BBB9-EE76BB6A6A2C}"
EndProject
Project("{FAE04EC0-301F-11D3-BF4B-00C04F79EFBC}") = "Kasp.Panel.EntityManager", "src\Kasp.Panel.EntityManager\Kasp.Panel.EntityManager.csproj", "{3801F445-1BD5-4C3B-B188-1B1BCF067BD6}"
EndProject
Project("{FAE04EC0-301F-11D3-BF4B-00C04F79EFBC}") = "Kasp.Panel.UsersManager", "src\Kasp.Panel.UsersManager\Kasp.Panel.UsersManager.csproj", "{42E70956-33A0-433C-BEE9-EB2FE41E8EF0}"
EndProject
Global
	GlobalSection(SolutionConfigurationPlatforms) = preSolution
		Debug|Any CPU = Debug|Any CPU
		Release|Any CPU = Release|Any CPU
	EndGlobalSection
	GlobalSection(ProjectConfigurationPlatforms) = postSolution
		{284413A0-A454-4F70-BD64-0676DA58C6C3}.Debug|Any CPU.ActiveCfg = Debug|Any CPU
		{284413A0-A454-4F70-BD64-0676DA58C6C3}.Debug|Any CPU.Build.0 = Debug|Any CPU
		{284413A0-A454-4F70-BD64-0676DA58C6C3}.Release|Any CPU.ActiveCfg = Release|Any CPU
		{284413A0-A454-4F70-BD64-0676DA58C6C3}.Release|Any CPU.Build.0 = Release|Any CPU
		{FC62831F-E44A-4105-BDDB-6F47E14C116E}.Debug|Any CPU.ActiveCfg = Debug|Any CPU
		{FC62831F-E44A-4105-BDDB-6F47E14C116E}.Debug|Any CPU.Build.0 = Debug|Any CPU
		{FC62831F-E44A-4105-BDDB-6F47E14C116E}.Release|Any CPU.ActiveCfg = Release|Any CPU
		{FC62831F-E44A-4105-BDDB-6F47E14C116E}.Release|Any CPU.Build.0 = Release|Any CPU
		{B438E428-9BA0-4BA7-AE98-0D36C6CB5BC7}.Debug|Any CPU.ActiveCfg = Debug|Any CPU
		{B438E428-9BA0-4BA7-AE98-0D36C6CB5BC7}.Debug|Any CPU.Build.0 = Debug|Any CPU
		{B438E428-9BA0-4BA7-AE98-0D36C6CB5BC7}.Release|Any CPU.ActiveCfg = Release|Any CPU
		{B438E428-9BA0-4BA7-AE98-0D36C6CB5BC7}.Release|Any CPU.Build.0 = Release|Any CPU
		{A91586C0-5178-4E55-B53B-29F570ABA083}.Debug|Any CPU.ActiveCfg = Debug|Any CPU
		{A91586C0-5178-4E55-B53B-29F570ABA083}.Debug|Any CPU.Build.0 = Debug|Any CPU
		{A91586C0-5178-4E55-B53B-29F570ABA083}.Release|Any CPU.ActiveCfg = Release|Any CPU
		{A91586C0-5178-4E55-B53B-29F570ABA083}.Release|Any CPU.Build.0 = Release|Any CPU
		{1C8079A8-DE59-4F71-99FF-F41AD6A02070}.Debug|Any CPU.ActiveCfg = Debug|Any CPU
		{1C8079A8-DE59-4F71-99FF-F41AD6A02070}.Debug|Any CPU.Build.0 = Debug|Any CPU
		{1C8079A8-DE59-4F71-99FF-F41AD6A02070}.Release|Any CPU.ActiveCfg = Release|Any CPU
		{1C8079A8-DE59-4F71-99FF-F41AD6A02070}.Release|Any CPU.Build.0 = Release|Any CPU
		{92C1770C-BA14-4C28-B1E0-B3E2B6297FF4}.Debug|Any CPU.ActiveCfg = Debug|Any CPU
		{92C1770C-BA14-4C28-B1E0-B3E2B6297FF4}.Debug|Any CPU.Build.0 = Debug|Any CPU
		{92C1770C-BA14-4C28-B1E0-B3E2B6297FF4}.Release|Any CPU.ActiveCfg = Release|Any CPU
		{92C1770C-BA14-4C28-B1E0-B3E2B6297FF4}.Release|Any CPU.Build.0 = Release|Any CPU
		{E7093F83-BD39-4B19-A1AD-49FCC3ED2519}.Debug|Any CPU.ActiveCfg = Debug|Any CPU
		{E7093F83-BD39-4B19-A1AD-49FCC3ED2519}.Debug|Any CPU.Build.0 = Debug|Any CPU
		{E7093F83-BD39-4B19-A1AD-49FCC3ED2519}.Release|Any CPU.ActiveCfg = Release|Any CPU
		{E7093F83-BD39-4B19-A1AD-49FCC3ED2519}.Release|Any CPU.Build.0 = Release|Any CPU
		{2A5168D6-C4FE-4520-B771-3D7685FB0E19}.Debug|Any CPU.ActiveCfg = Debug|Any CPU
		{2A5168D6-C4FE-4520-B771-3D7685FB0E19}.Debug|Any CPU.Build.0 = Debug|Any CPU
		{2A5168D6-C4FE-4520-B771-3D7685FB0E19}.Release|Any CPU.ActiveCfg = Release|Any CPU
		{2A5168D6-C4FE-4520-B771-3D7685FB0E19}.Release|Any CPU.Build.0 = Release|Any CPU
		{3817FDE3-66DC-47A5-92EF-8DB63FA968F7}.Debug|Any CPU.ActiveCfg = Debug|Any CPU
		{3817FDE3-66DC-47A5-92EF-8DB63FA968F7}.Debug|Any CPU.Build.0 = Debug|Any CPU
		{3817FDE3-66DC-47A5-92EF-8DB63FA968F7}.Release|Any CPU.ActiveCfg = Release|Any CPU
		{3817FDE3-66DC-47A5-92EF-8DB63FA968F7}.Release|Any CPU.Build.0 = Release|Any CPU
		{AC4AF064-2F3B-459A-8993-93A1990B1211}.Debug|Any CPU.ActiveCfg = Debug|Any CPU
		{AC4AF064-2F3B-459A-8993-93A1990B1211}.Debug|Any CPU.Build.0 = Debug|Any CPU
		{AC4AF064-2F3B-459A-8993-93A1990B1211}.Release|Any CPU.ActiveCfg = Release|Any CPU
		{AC4AF064-2F3B-459A-8993-93A1990B1211}.Release|Any CPU.Build.0 = Release|Any CPU
		{0E4BD89D-0C04-4600-BB49-CDA37C1A1FD6}.Debug|Any CPU.ActiveCfg = Debug|Any CPU
		{0E4BD89D-0C04-4600-BB49-CDA37C1A1FD6}.Debug|Any CPU.Build.0 = Debug|Any CPU
		{0E4BD89D-0C04-4600-BB49-CDA37C1A1FD6}.Release|Any CPU.ActiveCfg = Release|Any CPU
		{0E4BD89D-0C04-4600-BB49-CDA37C1A1FD6}.Release|Any CPU.Build.0 = Release|Any CPU
		{7A43E92B-832B-4896-BCA0-BBAE7AF7650E}.Debug|Any CPU.ActiveCfg = Debug|Any CPU
		{7A43E92B-832B-4896-BCA0-BBAE7AF7650E}.Debug|Any CPU.Build.0 = Debug|Any CPU
		{7A43E92B-832B-4896-BCA0-BBAE7AF7650E}.Release|Any CPU.ActiveCfg = Release|Any CPU
		{7A43E92B-832B-4896-BCA0-BBAE7AF7650E}.Release|Any CPU.Build.0 = Release|Any CPU
		{176F5DEF-43DF-4B17-BB4B-E7148DA79DA2}.Debug|Any CPU.ActiveCfg = Debug|Any CPU
		{176F5DEF-43DF-4B17-BB4B-E7148DA79DA2}.Debug|Any CPU.Build.0 = Debug|Any CPU
		{176F5DEF-43DF-4B17-BB4B-E7148DA79DA2}.Release|Any CPU.ActiveCfg = Release|Any CPU
		{176F5DEF-43DF-4B17-BB4B-E7148DA79DA2}.Release|Any CPU.Build.0 = Release|Any CPU
		{4B75AD75-7462-4B32-AF7F-E2F911992ED7}.Debug|Any CPU.ActiveCfg = Debug|Any CPU
		{4B75AD75-7462-4B32-AF7F-E2F911992ED7}.Debug|Any CPU.Build.0 = Debug|Any CPU
		{4B75AD75-7462-4B32-AF7F-E2F911992ED7}.Release|Any CPU.ActiveCfg = Release|Any CPU
		{4B75AD75-7462-4B32-AF7F-E2F911992ED7}.Release|Any CPU.Build.0 = Release|Any CPU
		{F08ECC8C-F3F6-45E0-86FE-2E5EAECFFC39}.Debug|Any CPU.ActiveCfg = Debug|Any CPU
		{F08ECC8C-F3F6-45E0-86FE-2E5EAECFFC39}.Debug|Any CPU.Build.0 = Debug|Any CPU
		{F08ECC8C-F3F6-45E0-86FE-2E5EAECFFC39}.Release|Any CPU.ActiveCfg = Release|Any CPU
		{F08ECC8C-F3F6-45E0-86FE-2E5EAECFFC39}.Release|Any CPU.Build.0 = Release|Any CPU
		{80AD690B-9EA7-42F6-A2D3-012363BAA8C4}.Debug|Any CPU.ActiveCfg = Debug|Any CPU
		{80AD690B-9EA7-42F6-A2D3-012363BAA8C4}.Debug|Any CPU.Build.0 = Debug|Any CPU
		{80AD690B-9EA7-42F6-A2D3-012363BAA8C4}.Release|Any CPU.ActiveCfg = Release|Any CPU
		{80AD690B-9EA7-42F6-A2D3-012363BAA8C4}.Release|Any CPU.Build.0 = Release|Any CPU
		{EE0CD12C-3B02-4364-A150-CDC22FB95E90}.Debug|Any CPU.ActiveCfg = Debug|Any CPU
		{EE0CD12C-3B02-4364-A150-CDC22FB95E90}.Debug|Any CPU.Build.0 = Debug|Any CPU
		{EE0CD12C-3B02-4364-A150-CDC22FB95E90}.Release|Any CPU.ActiveCfg = Release|Any CPU
		{EE0CD12C-3B02-4364-A150-CDC22FB95E90}.Release|Any CPU.Build.0 = Release|Any CPU
		{2CCBD68E-F90F-46CA-BE6B-CA00F34BB484}.Debug|Any CPU.ActiveCfg = Debug|Any CPU
		{2CCBD68E-F90F-46CA-BE6B-CA00F34BB484}.Debug|Any CPU.Build.0 = Debug|Any CPU
		{2CCBD68E-F90F-46CA-BE6B-CA00F34BB484}.Release|Any CPU.ActiveCfg = Release|Any CPU
		{2CCBD68E-F90F-46CA-BE6B-CA00F34BB484}.Release|Any CPU.Build.0 = Release|Any CPU
		{FE54BB94-2284-4A42-92EC-9466ED433418}.Debug|Any CPU.ActiveCfg = Debug|Any CPU
		{FE54BB94-2284-4A42-92EC-9466ED433418}.Debug|Any CPU.Build.0 = Debug|Any CPU
		{FE54BB94-2284-4A42-92EC-9466ED433418}.Release|Any CPU.ActiveCfg = Release|Any CPU
		{FE54BB94-2284-4A42-92EC-9466ED433418}.Release|Any CPU.Build.0 = Release|Any CPU
		{DE54A13A-FDFC-46F6-AA8E-AEB9F671C573}.Debug|Any CPU.ActiveCfg = Debug|Any CPU
		{DE54A13A-FDFC-46F6-AA8E-AEB9F671C573}.Debug|Any CPU.Build.0 = Debug|Any CPU
		{DE54A13A-FDFC-46F6-AA8E-AEB9F671C573}.Release|Any CPU.ActiveCfg = Release|Any CPU
		{DE54A13A-FDFC-46F6-AA8E-AEB9F671C573}.Release|Any CPU.Build.0 = Release|Any CPU
		{14297FD2-EFAE-4D35-8853-5F812791DC47}.Debug|Any CPU.ActiveCfg = Debug|Any CPU
		{14297FD2-EFAE-4D35-8853-5F812791DC47}.Debug|Any CPU.Build.0 = Debug|Any CPU
		{14297FD2-EFAE-4D35-8853-5F812791DC47}.Release|Any CPU.ActiveCfg = Release|Any CPU
		{14297FD2-EFAE-4D35-8853-5F812791DC47}.Release|Any CPU.Build.0 = Release|Any CPU
		{4205E401-FC1C-4FDC-AE38-877DE1782E8B}.Debug|Any CPU.ActiveCfg = Debug|Any CPU
		{4205E401-FC1C-4FDC-AE38-877DE1782E8B}.Debug|Any CPU.Build.0 = Debug|Any CPU
		{4205E401-FC1C-4FDC-AE38-877DE1782E8B}.Release|Any CPU.ActiveCfg = Release|Any CPU
		{4205E401-FC1C-4FDC-AE38-877DE1782E8B}.Release|Any CPU.Build.0 = Release|Any CPU
		{8D374BEA-5CA8-4B6F-840B-5CD2A04DCB4F}.Debug|Any CPU.ActiveCfg = Debug|Any CPU
		{8D374BEA-5CA8-4B6F-840B-5CD2A04DCB4F}.Debug|Any CPU.Build.0 = Debug|Any CPU
		{8D374BEA-5CA8-4B6F-840B-5CD2A04DCB4F}.Release|Any CPU.ActiveCfg = Release|Any CPU
		{8D374BEA-5CA8-4B6F-840B-5CD2A04DCB4F}.Release|Any CPU.Build.0 = Release|Any CPU
		{05F15CF2-B929-4075-9598-2E6A18699020}.Debug|Any CPU.ActiveCfg = Debug|Any CPU
		{05F15CF2-B929-4075-9598-2E6A18699020}.Debug|Any CPU.Build.0 = Debug|Any CPU
		{05F15CF2-B929-4075-9598-2E6A18699020}.Release|Any CPU.ActiveCfg = Release|Any CPU
		{05F15CF2-B929-4075-9598-2E6A18699020}.Release|Any CPU.Build.0 = Release|Any CPU
		{C7FD28EB-D648-4D64-8CDA-A37F2DB9C90A}.Debug|Any CPU.ActiveCfg = Debug|Any CPU
		{C7FD28EB-D648-4D64-8CDA-A37F2DB9C90A}.Debug|Any CPU.Build.0 = Debug|Any CPU
		{C7FD28EB-D648-4D64-8CDA-A37F2DB9C90A}.Release|Any CPU.ActiveCfg = Release|Any CPU
		{C7FD28EB-D648-4D64-8CDA-A37F2DB9C90A}.Release|Any CPU.Build.0 = Release|Any CPU
		{4AD8CC23-5DAD-444C-A825-5D1EB0C7B8E8}.Debug|Any CPU.ActiveCfg = Debug|Any CPU
		{4AD8CC23-5DAD-444C-A825-5D1EB0C7B8E8}.Debug|Any CPU.Build.0 = Debug|Any CPU
		{4AD8CC23-5DAD-444C-A825-5D1EB0C7B8E8}.Release|Any CPU.ActiveCfg = Release|Any CPU
		{4AD8CC23-5DAD-444C-A825-5D1EB0C7B8E8}.Release|Any CPU.Build.0 = Release|Any CPU
		{6E53BE4B-FADE-4B52-A32B-8B8BB19D557B}.Debug|Any CPU.ActiveCfg = Debug|Any CPU
		{6E53BE4B-FADE-4B52-A32B-8B8BB19D557B}.Debug|Any CPU.Build.0 = Debug|Any CPU
		{6E53BE4B-FADE-4B52-A32B-8B8BB19D557B}.Release|Any CPU.ActiveCfg = Release|Any CPU
		{6E53BE4B-FADE-4B52-A32B-8B8BB19D557B}.Release|Any CPU.Build.0 = Release|Any CPU
		{47C42BCE-BF15-4673-9394-B7D51F53F8D1}.Debug|Any CPU.ActiveCfg = Debug|Any CPU
		{47C42BCE-BF15-4673-9394-B7D51F53F8D1}.Debug|Any CPU.Build.0 = Debug|Any CPU
		{47C42BCE-BF15-4673-9394-B7D51F53F8D1}.Release|Any CPU.ActiveCfg = Release|Any CPU
		{47C42BCE-BF15-4673-9394-B7D51F53F8D1}.Release|Any CPU.Build.0 = Release|Any CPU
		{38A81966-280F-4760-9674-F608D95337AE}.Debug|Any CPU.ActiveCfg = Debug|Any CPU
		{38A81966-280F-4760-9674-F608D95337AE}.Debug|Any CPU.Build.0 = Debug|Any CPU
		{38A81966-280F-4760-9674-F608D95337AE}.Release|Any CPU.ActiveCfg = Release|Any CPU
		{38A81966-280F-4760-9674-F608D95337AE}.Release|Any CPU.Build.0 = Release|Any CPU
		{5B4D54EC-BB9C-42B0-9240-AE8455F31F01}.Debug|Any CPU.ActiveCfg = Debug|Any CPU
		{5B4D54EC-BB9C-42B0-9240-AE8455F31F01}.Debug|Any CPU.Build.0 = Debug|Any CPU
		{5B4D54EC-BB9C-42B0-9240-AE8455F31F01}.Release|Any CPU.ActiveCfg = Release|Any CPU
		{5B4D54EC-BB9C-42B0-9240-AE8455F31F01}.Release|Any CPU.Build.0 = Release|Any CPU
		{E2303072-56DD-4E60-9B79-7F164F7720EE}.Debug|Any CPU.ActiveCfg = Debug|Any CPU
		{E2303072-56DD-4E60-9B79-7F164F7720EE}.Debug|Any CPU.Build.0 = Debug|Any CPU
		{E2303072-56DD-4E60-9B79-7F164F7720EE}.Release|Any CPU.ActiveCfg = Release|Any CPU
		{E2303072-56DD-4E60-9B79-7F164F7720EE}.Release|Any CPU.Build.0 = Release|Any CPU
		{082E7E1D-CE24-454E-ABCA-F91AF9BE8083}.Debug|Any CPU.ActiveCfg = Debug|Any CPU
		{082E7E1D-CE24-454E-ABCA-F91AF9BE8083}.Debug|Any CPU.Build.0 = Debug|Any CPU
		{082E7E1D-CE24-454E-ABCA-F91AF9BE8083}.Release|Any CPU.ActiveCfg = Release|Any CPU
		{082E7E1D-CE24-454E-ABCA-F91AF9BE8083}.Release|Any CPU.Build.0 = Release|Any CPU
		{9E2782E5-0331-4B80-9101-FAE593E70BE4}.Debug|Any CPU.ActiveCfg = Debug|Any CPU
		{9E2782E5-0331-4B80-9101-FAE593E70BE4}.Debug|Any CPU.Build.0 = Debug|Any CPU
		{9E2782E5-0331-4B80-9101-FAE593E70BE4}.Release|Any CPU.ActiveCfg = Release|Any CPU
		{9E2782E5-0331-4B80-9101-FAE593E70BE4}.Release|Any CPU.Build.0 = Release|Any CPU
		{9BD1CF7A-0C8F-4083-A9BD-0D16AB9C4C7A}.Debug|Any CPU.ActiveCfg = Debug|Any CPU
		{9BD1CF7A-0C8F-4083-A9BD-0D16AB9C4C7A}.Debug|Any CPU.Build.0 = Debug|Any CPU
		{9BD1CF7A-0C8F-4083-A9BD-0D16AB9C4C7A}.Release|Any CPU.ActiveCfg = Release|Any CPU
		{9BD1CF7A-0C8F-4083-A9BD-0D16AB9C4C7A}.Release|Any CPU.Build.0 = Release|Any CPU
		{32E9402A-D8C6-49C2-8CEC-A66FBA52266E}.Debug|Any CPU.ActiveCfg = Debug|Any CPU
		{32E9402A-D8C6-49C2-8CEC-A66FBA52266E}.Debug|Any CPU.Build.0 = Debug|Any CPU
		{32E9402A-D8C6-49C2-8CEC-A66FBA52266E}.Release|Any CPU.ActiveCfg = Release|Any CPU
		{32E9402A-D8C6-49C2-8CEC-A66FBA52266E}.Release|Any CPU.Build.0 = Release|Any CPU
		{3801F445-1BD5-4C3B-B188-1B1BCF067BD6}.Debug|Any CPU.ActiveCfg = Debug|Any CPU
		{3801F445-1BD5-4C3B-B188-1B1BCF067BD6}.Debug|Any CPU.Build.0 = Debug|Any CPU
		{3801F445-1BD5-4C3B-B188-1B1BCF067BD6}.Release|Any CPU.ActiveCfg = Release|Any CPU
		{3801F445-1BD5-4C3B-B188-1B1BCF067BD6}.Release|Any CPU.Build.0 = Release|Any CPU
		{42E70956-33A0-433C-BEE9-EB2FE41E8EF0}.Debug|Any CPU.ActiveCfg = Debug|Any CPU
		{42E70956-33A0-433C-BEE9-EB2FE41E8EF0}.Debug|Any CPU.Build.0 = Debug|Any CPU
		{42E70956-33A0-433C-BEE9-EB2FE41E8EF0}.Release|Any CPU.ActiveCfg = Release|Any CPU
		{42E70956-33A0-433C-BEE9-EB2FE41E8EF0}.Release|Any CPU.Build.0 = Release|Any CPU
	EndGlobalSection
	GlobalSection(NestedProjects) = preSolution
		{284413A0-A454-4F70-BD64-0676DA58C6C3} = {8EDA2CAF-24BF-455A-AEBB-D3B1897C0FD0}
		{92C1770C-BA14-4C28-B1E0-B3E2B6297FF4} = {8EDA2CAF-24BF-455A-AEBB-D3B1897C0FD0}
		{A91586C0-5178-4E55-B53B-29F570ABA083} = {54C4EA1F-5DD4-440B-95AF-A5B6BB6859D7}
		{2B76C766-7597-41B4-9B42-BD2D0C8AE647} = {54C4EA1F-5DD4-440B-95AF-A5B6BB6859D7}
		{1C8079A8-DE59-4F71-99FF-F41AD6A02070} = {2B76C766-7597-41B4-9B42-BD2D0C8AE647}
		{4AD8CC23-5DAD-444C-A825-5D1EB0C7B8E8} = {2B76C766-7597-41B4-9B42-BD2D0C8AE647}
		{F08ECC8C-F3F6-45E0-86FE-2E5EAECFFC39} = {823138DA-8FC7-45E0-84AB-88B8B0E8AB12}
		{80AD690B-9EA7-42F6-A2D3-012363BAA8C4} = {823138DA-8FC7-45E0-84AB-88B8B0E8AB12}
		{55347188-6FD9-44AD-8C8D-F358D8895531} = {823138DA-8FC7-45E0-84AB-88B8B0E8AB12}
		{AC4AF064-2F3B-459A-8993-93A1990B1211} = {55347188-6FD9-44AD-8C8D-F358D8895531}
		{0E4BD89D-0C04-4600-BB49-CDA37C1A1FD6} = {55347188-6FD9-44AD-8C8D-F358D8895531}
		{4B75AD75-7462-4B32-AF7F-E2F911992ED7} = {55347188-6FD9-44AD-8C8D-F358D8895531}
		{B438E428-9BA0-4BA7-AE98-0D36C6CB5BC7} = {12B02245-6368-4F64-A112-BFA5E140D3CF}
		{FC62831F-E44A-4105-BDDB-6F47E14C116E} = {12B02245-6368-4F64-A112-BFA5E140D3CF}
		{E7093F83-BD39-4B19-A1AD-49FCC3ED2519} = {12B02245-6368-4F64-A112-BFA5E140D3CF}
		{2A5168D6-C4FE-4520-B771-3D7685FB0E19} = {76FF8F73-6DA4-49AC-A97C-81AEFDB74484}
		{3817FDE3-66DC-47A5-92EF-8DB63FA968F7} = {76FF8F73-6DA4-49AC-A97C-81AEFDB74484}
		{968E6616-90B7-4600-9DDD-3983F3C0E40F} = {76FF8F73-6DA4-49AC-A97C-81AEFDB74484}
		{7A43E92B-832B-4896-BCA0-BBAE7AF7650E} = {968E6616-90B7-4600-9DDD-3983F3C0E40F}
		{176F5DEF-43DF-4B17-BB4B-E7148DA79DA2} = {968E6616-90B7-4600-9DDD-3983F3C0E40F}
		{FE54BB94-2284-4A42-92EC-9466ED433418} = {DCE35DFB-F8CA-4E3A-9241-FBD732B24C59}
		{DE54A13A-FDFC-46F6-AA8E-AEB9F671C573} = {DCE35DFB-F8CA-4E3A-9241-FBD732B24C59}
		{14297FD2-EFAE-4D35-8853-5F812791DC47} = {5A065A84-532E-4E5A-9678-A7807964556F}
		{C7FD28EB-D648-4D64-8CDA-A37F2DB9C90A} = {5A065A84-532E-4E5A-9678-A7807964556F}
		{05F15CF2-B929-4075-9598-2E6A18699020} = {5A065A84-532E-4E5A-9678-A7807964556F}
		{EE0CD12C-3B02-4364-A150-CDC22FB95E90} = {B8E96F5B-737B-4CC1-943C-5278BB0AC91F}
		{2CCBD68E-F90F-46CA-BE6B-CA00F34BB484} = {B8E96F5B-737B-4CC1-943C-5278BB0AC91F}
		{626A8452-81ED-4AE0-BECB-2BFDAD480F01} = {DCE35DFB-F8CA-4E3A-9241-FBD732B24C59}
		{6E53BE4B-FADE-4B52-A32B-8B8BB19D557B} = {626A8452-81ED-4AE0-BECB-2BFDAD480F01}
		{47C42BCE-BF15-4673-9394-B7D51F53F8D1} = {626A8452-81ED-4AE0-BECB-2BFDAD480F01}
		{BD648534-D1B9-4023-9C2A-15AF955C05B7} = {5A065A84-532E-4E5A-9678-A7807964556F}
		{4205E401-FC1C-4FDC-AE38-877DE1782E8B} = {BD648534-D1B9-4023-9C2A-15AF955C05B7}
		{7D2B39D6-8088-4A54-BF4D-DE509D7DD9C9} = {5A065A84-532E-4E5A-9678-A7807964556F}
		{8D374BEA-5CA8-4B6F-840B-5CD2A04DCB4F} = {7D2B39D6-8088-4A54-BF4D-DE509D7DD9C9}
		{38A81966-280F-4760-9674-F608D95337AE} = {BD648534-D1B9-4023-9C2A-15AF955C05B7}
		{5B4D54EC-BB9C-42B0-9240-AE8455F31F01} = {7D2B39D6-8088-4A54-BF4D-DE509D7DD9C9}
		{E2303072-56DD-4E60-9B79-7F164F7720EE} = {345EEE91-C4B7-43B6-AF81-28A92C715B98}
		{082E7E1D-CE24-454E-ABCA-F91AF9BE8083} = {345EEE91-C4B7-43B6-AF81-28A92C715B98}
		{9E2782E5-0331-4B80-9101-FAE593E70BE4} = {110E4A04-5A83-42FB-9F0B-A557EBDE232C}
		{9BD1CF7A-0C8F-4083-A9BD-0D16AB9C4C7A} = {110E4A04-5A83-42FB-9F0B-A557EBDE232C}
		{32E9402A-D8C6-49C2-8CEC-A66FBA52266E} = {110E4A04-5A83-42FB-9F0B-A557EBDE232C}
		{3801F445-1BD5-4C3B-B188-1B1BCF067BD6} = {BA7FCA57-D07C-44AF-BBB9-EE76BB6A6A2C}
		{42E70956-33A0-433C-BEE9-EB2FE41E8EF0} = {BA7FCA57-D07C-44AF-BBB9-EE76BB6A6A2C}
	EndGlobalSection
EndGlobal
